
Microsoft Visual Studio Solution File, Format Version 12.00
# Visual Studio Version 16
VisualStudioVersion = 16.0.30621.155
MinimumVisualStudioVersion = 10.0.40219.1
Project("{888888A0-9F3D-457C-B088-3A5042F75D52}") = "MLFQ", "MLFQ\MLFQ.pyproj", "{1C7A536C-94E9-46FE-8480-577549E2397D}"
EndProject
Global
	GlobalSection(SolutionConfigurationPlatforms) = preSolution
		Debug|Any CPU = Debug|Any CPU
		Release|Any CPU = Release|Any CPU
	EndGlobalSection
	GlobalSection(ProjectConfigurationPlatforms) = postSolution
		{1C7A536C-94E9-46FE-8480-577549E2397D}.Debug|Any CPU.ActiveCfg = Debug|Any CPU
		{1C7A536C-94E9-46FE-8480-577549E2397D}.Release|Any CPU.ActiveCfg = Release|Any CPU
	EndGlobalSection
	GlobalSection(SolutionProperties) = preSolution
		HideSolutionNode = FALSE
	EndGlobalSection
	GlobalSection(ExtensibilityGlobals) = postSolution
		SolutionGuid = {8EC4465D-B270-46B4-8341-1221147EFD24}
	EndGlobalSection
EndGlobal
